
Microsoft Visual Studio Solution File, Format Version 12.00
# Visual Studio Version 16
VisualStudioVersion = 16.0.30225.117
MinimumVisualStudioVersion = 10.0.40219.1
Project("{FAE04EC0-301F-11D3-BF4B-00C04F79EFBC}") = "WpfDotNetDemoSamples", "WpfDotNetDemoSamples.csproj", "{05DBB788-5C36-4220-9D3E-6E63F028E1B5}"
EndProject
Global
	GlobalSection(SolutionConfigurationPlatforms) = preSolution
		Debug|Any CPU = Debug|Any CPU
		Release|Any CPU = Release|Any CPU
	EndGlobalSection
	GlobalSection(ProjectConfigurationPlatforms) = postSolution
		{05DBB788-5C36-4220-9D3E-6E63F028E1B5}.Debug|Any CPU.ActiveCfg = Debug|Any CPU
		{05DBB788-5C36-4220-9D3E-6E63F028E1B5}.Debug|Any CPU.Build.0 = Debug|Any CPU
		{05DBB788-5C36-4220-9D3E-6E63F028E1B5}.Release|Any CPU.ActiveCfg = Release|Any CPU
		{05DBB788-5C36-4220-9D3E-6E63F028E1B5}.Release|Any CPU.Build.0 = Release|Any CPU
	EndGlobalSection
	GlobalSection(SolutionProperties) = preSolution
		HideSolutionNode = FALSE
	EndGlobalSection
	GlobalSection(ExtensibilityGlobals) = postSolution
		SolutionGuid = {A1A9D9AE-89A2-4B01-B956-A5C431AD1582}
	EndGlobalSection
EndGlobal
